
Microsoft Visual Studio Solution File, Format Version 12.00
# Visual Studio Version 17
VisualStudioVersion = 17.6.33723.286
MinimumVisualStudioVersion = 10.0.40219.1
Project("{FAE04EC0-301F-11D3-BF4B-00C04F79EFBC}") = "APICaller", "APICaller\APICaller.csproj", "{AAC0B22D-97E9-4C75-A96D-0FC47783EE34}"
EndProject
Project("{FAE04EC0-301F-11D3-BF4B-00C04F79EFBC}") = "TestConsole", "TestConsole\TestConsole.csproj", "{E4460129-FB05-4E3E-82DB-BB7812665B56}"
EndProject
Project("{FAE04EC0-301F-11D3-BF4B-00C04F79EFBC}") = "Gadgets", "Gadgets\Gadgets.csproj", "{6616B768-57E5-4C03-A29A-89FB347BE27C}"
EndProject
Global
	GlobalSection(SolutionConfigurationPlatforms) = preSolution
		Debug|Any CPU = Debug|Any CPU
		Release|Any CPU = Release|Any CPU
	EndGlobalSection
	GlobalSection(ProjectConfigurationPlatforms) = postSolution
		{AAC0B22D-97E9-4C75-A96D-0FC47783EE34}.Debug|Any CPU.ActiveCfg = Debug|Any CPU
		{AAC0B22D-97E9-4C75-A96D-0FC47783EE34}.Debug|Any CPU.Build.0 = Debug|Any CPU
		{AAC0B22D-97E9-4C75-A96D-0FC47783EE34}.Release|Any CPU.ActiveCfg = Release|Any CPU
		{AAC0B22D-97E9-4C75-A96D-0FC47783EE34}.Release|Any CPU.Build.0 = Release|Any CPU
		{E4460129-FB05-4E3E-82DB-BB7812665B56}.Debug|Any CPU.ActiveCfg = Debug|Any CPU
		{E4460129-FB05-4E3E-82DB-BB7812665B56}.Debug|Any CPU.Build.0 = Debug|Any CPU
		{E4460129-FB05-4E3E-82DB-BB7812665B56}.Release|Any CPU.ActiveCfg = Release|Any CPU
		{E4460129-FB05-4E3E-82DB-BB7812665B56}.Release|Any CPU.Build.0 = Release|Any CPU
		{6616B768-57E5-4C03-A29A-89FB347BE27C}.Debug|Any CPU.ActiveCfg = Debug|Any CPU
		{6616B768-57E5-4C03-A29A-89FB347BE27C}.Debug|Any CPU.Build.0 = Debug|Any CPU
		{6616B768-57E5-4C03-A29A-89FB347BE27C}.Release|Any CPU.ActiveCfg = Release|Any CPU
		{6616B768-57E5-4C03-A29A-89FB347BE27C}.Release|Any CPU.Build.0 = Release|Any CPU
	EndGlobalSection
	GlobalSection(SolutionProperties) = preSolution
		HideSolutionNode = FALSE
	EndGlobalSection
	GlobalSection(ExtensibilityGlobals) = postSolution
		SolutionGuid = {6F3465B7-DAA0-415D-A6E2-EE537BBE3DFE}
	EndGlobalSection
EndGlobal
